
Microsoft Visual Studio Solution File, Format Version 12.00
# Visual Studio Version 16
VisualStudioVersion = 16.0.28315.86
MinimumVisualStudioVersion = 10.0.40219.1
Project("{2150E333-8FDC-42A3-9474-1A3956D46DE8}") = "Engine", "Engine", "{46FE6A35-74E3-4565-AFA7-3CEE6DFDF44A}"
EndProject
Project("{2150E333-8FDC-42A3-9474-1A3956D46DE8}") = "Games", "Games", "{073B7304-AA97-4678-894A-F8F0022B3018}"
EndProject
Project("{8BC9CEB8-8B4A-11D0-8D11-00A0C91BC942}") = "UE4", "Intermediate\ProjectFiles\UE4.vcxproj", "{25806E0F-B795-46C8-8F08-E2E75C29E911}"
EndProject
Project("{8BC9CEB8-8B4A-11D0-8D11-00A0C91BC942}") = "NewGame", "Intermediate\ProjectFiles\NewGame.vcxproj", "{27F3FADF-B7E1-4C75-9B7B-AA551514CF3C}"
EndProject
Project("{2150E333-8FDC-42A3-9474-1A3956D46DE8}") = "Visualizers", "Visualizers", "{48605AD5-3C70-4F13-848B-E09E883FC9E1}"
	ProjectSection(SolutionItems) = preProject
		..\..\Games\UE_4.24\Engine\Extras\VisualStudioDebugging\UE4.natvis = ..\..\Games\UE_4.24\Engine\Extras\VisualStudioDebugging\UE4.natvis
	EndProjectSection
EndProject
Global
	GlobalSection(SolutionConfigurationPlatforms) = preSolution
		DebugGame Editor|Win32 = DebugGame Editor|Win32
		DebugGame Editor|Win64 = DebugGame Editor|Win64
		DebugGame|Win32 = DebugGame|Win32
		DebugGame|Win64 = DebugGame|Win64
		Development Editor|Win32 = Development Editor|Win32
		Development Editor|Win64 = Development Editor|Win64
		Development|Win32 = Development|Win32
		Development|Win64 = Development|Win64
		Shipping|Win32 = Shipping|Win32
		Shipping|Win64 = Shipping|Win64
	EndGlobalSection
	GlobalSection(ProjectConfigurationPlatforms) = postSolution
		{25806E0F-B795-46C8-8F08-E2E75C29E911}.DebugGame Editor|Win32.ActiveCfg = BuiltWithUnrealBuildTool|Win32
		{25806E0F-B795-46C8-8F08-E2E75C29E911}.DebugGame Editor|Win64.ActiveCfg = BuiltWithUnrealBuildTool|Win32
		{25806E0F-B795-46C8-8F08-E2E75C29E911}.DebugGame|Win32.ActiveCfg = BuiltWithUnrealBuildTool|Win32
		{25806E0F-B795-46C8-8F08-E2E75C29E911}.DebugGame|Win64.ActiveCfg = BuiltWithUnrealBuildTool|Win32
		{25806E0F-B795-46C8-8F08-E2E75C29E911}.Development Editor|Win32.ActiveCfg = BuiltWithUnrealBuildTool|Win32
		{25806E0F-B795-46C8-8F08-E2E75C29E911}.Development Editor|Win64.ActiveCfg = BuiltWithUnrealBuildTool|Win32
		{25806E0F-B795-46C8-8F08-E2E75C29E911}.Development|Win32.ActiveCfg = BuiltWithUnrealBuildTool|Win32
		{25806E0F-B795-46C8-8F08-E2E75C29E911}.Development|Win64.ActiveCfg = BuiltWithUnrealBuildTool|Win32
		{25806E0F-B795-46C8-8F08-E2E75C29E911}.Shipping|Win32.ActiveCfg = BuiltWithUnrealBuildTool|Win32
		{25806E0F-B795-46C8-8F08-E2E75C29E911}.Shipping|Win64.ActiveCfg = BuiltWithUnrealBuildTool|Win32
		{27F3FADF-B7E1-4C75-9B7B-AA551514CF3C}.DebugGame Editor|Win32.ActiveCfg = Invalid|Win32
		{27F3FADF-B7E1-4C75-9B7B-AA551514CF3C}.DebugGame Editor|Win64.ActiveCfg = DebugGame_Editor|x64
		{27F3FADF-B7E1-4C75-9B7B-AA551514CF3C}.DebugGame Editor|Win64.Build.0 = DebugGame_Editor|x64
		{27F3FADF-B7E1-4C75-9B7B-AA551514CF3C}.DebugGame|Win32.ActiveCfg = DebugGame|Win32
		{27F3FADF-B7E1-4C75-9B7B-AA551514CF3C}.DebugGame|Win32.Build.0 = DebugGame|Win32
		{27F3FADF-B7E1-4C75-9B7B-AA551514CF3C}.DebugGame|Win64.ActiveCfg = DebugGame|x64
		{27F3FADF-B7E1-4C75-9B7B-AA551514CF3C}.DebugGame|Win64.Build.0 = DebugGame|x64
		{27F3FADF-B7E1-4C75-9B7B-AA551514CF3C}.Development Editor|Win32.ActiveCfg = Invalid|Win32
		{27F3FADF-B7E1-4C75-9B7B-AA551514CF3C}.Development Editor|Win64.ActiveCfg = Development_Editor|x64
		{27F3FADF-B7E1-4C75-9B7B-AA551514CF3C}.Development Editor|Win64.Build.0 = Development_Editor|x64
		{27F3FADF-B7E1-4C75-9B7B-AA551514CF3C}.Development|Win32.ActiveCfg = Development|Win32
		{27F3FADF-B7E1-4C75-9B7B-AA551514CF3C}.Development|Win32.Build.0 = Development|Win32
		{27F3FADF-B7E1-4C75-9B7B-AA551514CF3C}.Development|Win64.ActiveCfg = Development|x64
		{27F3FADF-B7E1-4C75-9B7B-AA551514CF3C}.Development|Win64.Build.0 = Development|x64
		{27F3FADF-B7E1-4C75-9B7B-AA551514CF3C}.Shipping|Win32.ActiveCfg = Shipping|Win32
		{27F3FADF-B7E1-4C75-9B7B-AA551514CF3C}.Shipping|Win32.Build.0 = Shipping|Win32
		{27F3FADF-B7E1-4C75-9B7B-AA551514CF3C}.Shipping|Win64.ActiveCfg = Shipping|x64
		{27F3FADF-B7E1-4C75-9B7B-AA551514CF3C}.Shipping|Win64.Build.0 = Shipping|x64
	EndGlobalSection
	GlobalSection(SolutionProperties) = preSolution
		HideSolutionNode = FALSE
	EndGlobalSection
	GlobalSection(NestedProjects) = preSolution
		{25806E0F-B795-46C8-8F08-E2E75C29E911} = {46FE6A35-74E3-4565-AFA7-3CEE6DFDF44A}
		{27F3FADF-B7E1-4C75-9B7B-AA551514CF3C} = {073B7304-AA97-4678-894A-F8F0022B3018}
	EndGlobalSection
EndGlobal
